{
  "requires": true,
  "lockfileVersion": 1,
  "dependencies": {
    "xregexp": {
      "version": "4.1.1",
      "resolved": "https://registry.npmjs.org/xregexp/-/xregexp-4.1.1.tgz",
      "integrity": "sha512-QJ1gfSUV7kEOLfpKFCjBJRnfPErUzkNKFMso4kDSmGpp3x6ZgkyKf74inxI7PnnQCFYq5TqYJCd7DrgDN8Q05A=="
    }
  }
}
